
Microsoft Visual Studio Solution File, Format Version 12.00
# Visual Studio for Mac
Project("{FAE04EC0-301F-11D3-BF4B-00C04F79EFBC}") = "Assembly-CSharp", "Assembly-CSharp.csproj", "{044228A7-911A-96D1-B1E7-C2846CDD1DE5}"
EndProject
Project("{FAE04EC0-301F-11D3-BF4B-00C04F79EFBC}") = "Assembly-CSharp-Editor", "Assembly-CSharp-Editor.csproj", "{5F06EAA7-F252-9111-CED9-D285FB190F2C}"
EndProject
Global
	GlobalSection(SolutionConfigurationPlatforms) = preSolution
		Debug|Any CPU = Debug|Any CPU
		Release|Any CPU = Release|Any CPU
	EndGlobalSection
	GlobalSection(ProjectConfigurationPlatforms) = postSolution
		{044228A7-911A-96D1-B1E7-C2846CDD1DE5}.Debug|Any CPU.ActiveCfg = Debug|Any CPU
		{044228A7-911A-96D1-B1E7-C2846CDD1DE5}.Debug|Any CPU.Build.0 = Debug|Any CPU
		{044228A7-911A-96D1-B1E7-C2846CDD1DE5}.Release|Any CPU.ActiveCfg = Release|Any CPU
		{044228A7-911A-96D1-B1E7-C2846CDD1DE5}.Release|Any CPU.Build.0 = Release|Any CPU
		{5F06EAA7-F252-9111-CED9-D285FB190F2C}.Debug|Any CPU.ActiveCfg = Debug|Any CPU
		{5F06EAA7-F252-9111-CED9-D285FB190F2C}.Debug|Any CPU.Build.0 = Debug|Any CPU
		{5F06EAA7-F252-9111-CED9-D285FB190F2C}.Release|Any CPU.ActiveCfg = Release|Any CPU
		{5F06EAA7-F252-9111-CED9-D285FB190F2C}.Release|Any CPU.Build.0 = Release|Any CPU
	EndGlobalSection
	GlobalSection(SolutionProperties) = preSolution
		HideSolutionNode = FALSE
	EndGlobalSection
EndGlobal
